
Microsoft Visual Studio Solution File, Format Version 12.00
# Visual Studio Version 16
VisualStudioVersion = 16.0.30225.117
MinimumVisualStudioVersion = 10.0.40219.1
Project("{9A19103F-16F7-4668-BE54-9A1E7A4F7556}") = "WebUI", "Src\WebUI\WebUI.csproj", "{682D50D9-2F76-4846-9FA2-7985533A4411}"
EndProject
Project("{2150E333-8FDC-42A3-9474-1A3956D46DE8}") = "Src", "Src", "{E1C43B4E-F5C7-4B9F-B2D5-A20E12BA8754}"
EndProject
Project("{2150E333-8FDC-42A3-9474-1A3956D46DE8}") = "Tests", "Tests", "{8DED706F-9B18-4149-AA1B-990F0A7B5711}"
EndProject
Project("{2150E333-8FDC-42A3-9474-1A3956D46DE8}") = "Presentation", "Presentation", "{CCFE7FBD-33BB-485C-929B-8FF146AD6C42}"
EndProject
Project("{2150E333-8FDC-42A3-9474-1A3956D46DE8}") = "Core", "Core", "{04B747AA-F5A6-4B4B-9EDB-488D01A0687E}"
EndProject
Project("{2150E333-8FDC-42A3-9474-1A3956D46DE8}") = "Infrastructure", "Infrastructure", "{A9189701-D14C-4D33-BEAD-565856E2BFDE}"
EndProject
Project("{9A19103F-16F7-4668-BE54-9A1E7A4F7556}") = "Application", "Src\Application\Application.csproj", "{0F6B513B-74D6-4A5B-BF4B-B6F809E4D6F2}"
EndProject
Project("{9A19103F-16F7-4668-BE54-9A1E7A4F7556}") = "Persistence", "Src\Persistence\Persistence.csproj", "{181261F4-202E-4E2A-98E5-0D93E48F19A5}"
EndProject
Project("{9A19103F-16F7-4668-BE54-9A1E7A4F7556}") = "Infrastructure", "Src\Infrastructure\Infrastructure.csproj", "{29F9B84C-4F68-4EC3-AE1A-8A5F56C52E00}"
EndProject
Project("{9A19103F-16F7-4668-BE54-9A1E7A4F7556}") = "Domain", "Src\Domain\Domain.csproj", "{D3A868A5-CC64-4052-802D-A8748F503A3C}"
EndProject
Project("{9A19103F-16F7-4668-BE54-9A1E7A4F7556}") = "Common", "Src\Common\Common.csproj", "{1AED144D-565C-4F11-A640-7E4978DB1ABA}"
EndProject
Project("{9A19103F-16F7-4668-BE54-9A1E7A4F7556}") = "Application.UnitTests", "Tests\Application.UnitTests\Application.UnitTests.csproj", "{B74EFF66-68F0-41FC-B7DE-CF67FB6F7DD2}"
EndProject
Project("{FAE04EC0-301F-11D3-BF4B-00C04F79EFBC}") = "Infrastructure.UnitTests", "Tests\Infrastructure.UnitTests\Infrastructure.UnitTests\Infrastructure.UnitTests.csproj", "{070D0402-239F-4DE3-B708-CF1A048C9B28}"
EndProject
Project("{FAE04EC0-301F-11D3-BF4B-00C04F79EFBC}") = "Domain.UnitTests", "Tests\Domain.UnitTests\Domain.UnitTests\Domain.UnitTests.csproj", "{EF251243-CD5F-4607-86FD-4833B728D235}"
EndProject
Global
	GlobalSection(SolutionConfigurationPlatforms) = preSolution
		Debug|Any CPU = Debug|Any CPU
		Release|Any CPU = Release|Any CPU
	EndGlobalSection
	GlobalSection(ProjectConfigurationPlatforms) = postSolution
		{682D50D9-2F76-4846-9FA2-7985533A4411}.Debug|Any CPU.ActiveCfg = Debug|Any CPU
		{682D50D9-2F76-4846-9FA2-7985533A4411}.Debug|Any CPU.Build.0 = Debug|Any CPU
		{682D50D9-2F76-4846-9FA2-7985533A4411}.Release|Any CPU.ActiveCfg = Release|Any CPU
		{682D50D9-2F76-4846-9FA2-7985533A4411}.Release|Any CPU.Build.0 = Release|Any CPU
		{0F6B513B-74D6-4A5B-BF4B-B6F809E4D6F2}.Debug|Any CPU.ActiveCfg = Debug|Any CPU
		{0F6B513B-74D6-4A5B-BF4B-B6F809E4D6F2}.Debug|Any CPU.Build.0 = Debug|Any CPU
		{0F6B513B-74D6-4A5B-BF4B-B6F809E4D6F2}.Release|Any CPU.ActiveCfg = Release|Any CPU
		{0F6B513B-74D6-4A5B-BF4B-B6F809E4D6F2}.Release|Any CPU.Build.0 = Release|Any CPU
		{181261F4-202E-4E2A-98E5-0D93E48F19A5}.Debug|Any CPU.ActiveCfg = Debug|Any CPU
		{181261F4-202E-4E2A-98E5-0D93E48F19A5}.Debug|Any CPU.Build.0 = Debug|Any CPU
		{181261F4-202E-4E2A-98E5-0D93E48F19A5}.Release|Any CPU.ActiveCfg = Release|Any CPU
		{181261F4-202E-4E2A-98E5-0D93E48F19A5}.Release|Any CPU.Build.0 = Release|Any CPU
		{29F9B84C-4F68-4EC3-AE1A-8A5F56C52E00}.Debug|Any CPU.ActiveCfg = Debug|Any CPU
		{29F9B84C-4F68-4EC3-AE1A-8A5F56C52E00}.Debug|Any CPU.Build.0 = Debug|Any CPU
		{29F9B84C-4F68-4EC3-AE1A-8A5F56C52E00}.Release|Any CPU.ActiveCfg = Release|Any CPU
		{29F9B84C-4F68-4EC3-AE1A-8A5F56C52E00}.Release|Any CPU.Build.0 = Release|Any CPU
		{D3A868A5-CC64-4052-802D-A8748F503A3C}.Debug|Any CPU.ActiveCfg = Debug|Any CPU
		{D3A868A5-CC64-4052-802D-A8748F503A3C}.Debug|Any CPU.Build.0 = Debug|Any CPU
		{D3A868A5-CC64-4052-802D-A8748F503A3C}.Release|Any CPU.ActiveCfg = Release|Any CPU
		{D3A868A5-CC64-4052-802D-A8748F503A3C}.Release|Any CPU.Build.0 = Release|Any CPU
		{1AED144D-565C-4F11-A640-7E4978DB1ABA}.Debug|Any CPU.ActiveCfg = Debug|Any CPU
		{1AED144D-565C-4F11-A640-7E4978DB1ABA}.Debug|Any CPU.Build.0 = Debug|Any CPU
		{1AED144D-565C-4F11-A640-7E4978DB1ABA}.Release|Any CPU.ActiveCfg = Release|Any CPU
		{1AED144D-565C-4F11-A640-7E4978DB1ABA}.Release|Any CPU.Build.0 = Release|Any CPU
		{B74EFF66-68F0-41FC-B7DE-CF67FB6F7DD2}.Debug|Any CPU.ActiveCfg = Debug|Any CPU
		{B74EFF66-68F0-41FC-B7DE-CF67FB6F7DD2}.Debug|Any CPU.Build.0 = Debug|Any CPU
		{B74EFF66-68F0-41FC-B7DE-CF67FB6F7DD2}.Release|Any CPU.ActiveCfg = Release|Any CPU
		{B74EFF66-68F0-41FC-B7DE-CF67FB6F7DD2}.Release|Any CPU.Build.0 = Release|Any CPU
		{070D0402-239F-4DE3-B708-CF1A048C9B28}.Debug|Any CPU.ActiveCfg = Debug|Any CPU
		{070D0402-239F-4DE3-B708-CF1A048C9B28}.Debug|Any CPU.Build.0 = Debug|Any CPU
		{070D0402-239F-4DE3-B708-CF1A048C9B28}.Release|Any CPU.ActiveCfg = Release|Any CPU
		{070D0402-239F-4DE3-B708-CF1A048C9B28}.Release|Any CPU.Build.0 = Release|Any CPU
		{EF251243-CD5F-4607-86FD-4833B728D235}.Debug|Any CPU.ActiveCfg = Debug|Any CPU
		{EF251243-CD5F-4607-86FD-4833B728D235}.Debug|Any CPU.Build.0 = Debug|Any CPU
		{EF251243-CD5F-4607-86FD-4833B728D235}.Release|Any CPU.ActiveCfg = Release|Any CPU
		{EF251243-CD5F-4607-86FD-4833B728D235}.Release|Any CPU.Build.0 = Release|Any CPU
	EndGlobalSection
	GlobalSection(SolutionProperties) = preSolution
		HideSolutionNode = FALSE
	EndGlobalSection
	GlobalSection(NestedProjects) = preSolution
		{682D50D9-2F76-4846-9FA2-7985533A4411} = {CCFE7FBD-33BB-485C-929B-8FF146AD6C42}
		{CCFE7FBD-33BB-485C-929B-8FF146AD6C42} = {E1C43B4E-F5C7-4B9F-B2D5-A20E12BA8754}
		{04B747AA-F5A6-4B4B-9EDB-488D01A0687E} = {E1C43B4E-F5C7-4B9F-B2D5-A20E12BA8754}
		{A9189701-D14C-4D33-BEAD-565856E2BFDE} = {E1C43B4E-F5C7-4B9F-B2D5-A20E12BA8754}
		{0F6B513B-74D6-4A5B-BF4B-B6F809E4D6F2} = {04B747AA-F5A6-4B4B-9EDB-488D01A0687E}
		{181261F4-202E-4E2A-98E5-0D93E48F19A5} = {A9189701-D14C-4D33-BEAD-565856E2BFDE}
		{29F9B84C-4F68-4EC3-AE1A-8A5F56C52E00} = {A9189701-D14C-4D33-BEAD-565856E2BFDE}
		{D3A868A5-CC64-4052-802D-A8748F503A3C} = {04B747AA-F5A6-4B4B-9EDB-488D01A0687E}
		{1AED144D-565C-4F11-A640-7E4978DB1ABA} = {04B747AA-F5A6-4B4B-9EDB-488D01A0687E}
		{B74EFF66-68F0-41FC-B7DE-CF67FB6F7DD2} = {8DED706F-9B18-4149-AA1B-990F0A7B5711}
		{070D0402-239F-4DE3-B708-CF1A048C9B28} = {8DED706F-9B18-4149-AA1B-990F0A7B5711}
		{EF251243-CD5F-4607-86FD-4833B728D235} = {8DED706F-9B18-4149-AA1B-990F0A7B5711}
	EndGlobalSection
	GlobalSection(ExtensibilityGlobals) = postSolution
		SolutionGuid = {06ABC6CE-9715-4ED3-8934-7EACEC0DC30F}
	EndGlobalSection
EndGlobal
